<?xml version="1.0" encoding="utf-8"?>
<Project ToolsVersion="4.0" xmlns="http://schemas.microsoft.com/developer/msbuild/2003">
  <ItemGroup>
    <ClCompile Include="Source\App.cpp">
      <Filter>Others\App</Filter>
    </ClCompile>
    <ClCompile Include="Source\Cam.cpp">
      <Filter>Others\Cam</Filter>
    </ClCompile>
    <ClCompile Include="Source\SceneBase.cpp">
      <Filter>Scene</Filter>
    </ClCompile>
    <ClCompile Include="Source\SceneMovement.cpp">
      <Filter>Scene</Filter>
    </ClCompile>
    <ClCompile Include="Source\Mesh.cpp">
      <Filter>Others\Geo</Filter>
    </ClCompile>
    <ClCompile Include="Source\MeshBuilder.cpp">
      <Filter>Others\Geo</Filter>
    </ClCompile>
    <ClCompile Include="Source\shader.cpp">
      <Filter>Others\Graphics</Filter>
    </ClCompile>
    <ClCompile Include="Source\LoadImg.cpp">
      <Filter>Others\Graphics</Filter>
    </ClCompile>
    <ClCompile Include="Source\EntryPt.cpp">
      <Filter>Others</Filter>
    </ClCompile>
    <ClCompile Include="Source\SpriteAni.cpp">
      <Filter>Others\Geo</Filter>
    </ClCompile>
    <ClCompile Include="Source\Entity.cpp">
      <Filter>Obj</Filter>
    </ClCompile>
  </ItemGroup>
  <ItemGroup>
    <ClInclude Include="Source\App.h">
      <Filter>Others\App</Filter>
    </ClInclude>
    <ClInclude Include="Source\Cam.h">
      <Filter>Others\Cam</Filter>
    </ClInclude>
    <ClInclude Include="Source\Scene.h">
      <Filter>Scene</Filter>
    </ClInclude>
    <ClInclude Include="Source\SceneBase.h">
      <Filter>Scene</Filter>
    </ClInclude>
    <ClInclude Include="Source\SceneMovement.h">
      <Filter>Scene</Filter>
    </ClInclude>
    <ClInclude Include="Source\Mesh.h">
      <Filter>Others\Geo</Filter>
    </ClInclude>
    <ClInclude Include="Source\MeshBuilder.h">
      <Filter>Others\Geo</Filter>
    </ClInclude>
    <ClInclude Include="Source\shader.h">
      <Filter>Others\Graphics</Filter>
    </ClInclude>
    <ClInclude Include="Source\Material.h">
      <Filter>Others\Graphics</Filter>
    </ClInclude>
    <ClInclude Include="Source\Vertex.h">
      <Filter>Others\Geo</Filter>
    </ClInclude>
    <ClInclude Include="Source\LoadImg.h">
      <Filter>Others\Graphics</Filter>
    </ClInclude>
    <ClInclude Include="Source\SpriteAni.h">
      <Filter>Others\Geo</Filter>
    </ClInclude>
    <ClInclude Include="Source\Grid.h">
      <Filter>Grid</Filter>
    </ClInclude>
    <ClInclude Include="Source\ObjPool.h">
      <Filter>Obj</Filter>
    </ClInclude>
    <ClInclude Include="Source\Entity.h">
      <Filter>Obj</Filter>
    </ClInclude>
    <ClInclude Include="Source\EntityAttribs.hpp">
      <Filter>Obj</Filter>
    </ClInclude>
    <ClInclude Include="Source\EntityType.hpp">
      <Filter>Obj</Filter>
    </ClInclude>
  </ItemGroup>
  <ItemGroup>
    <Filter Include="Scene">
      <UniqueIdentifier>{3e478f95-a261-486d-a885-0c948a3e3b5d}</UniqueIdentifier>
    </Filter>
    <Filter Include="State">
      <UniqueIdentifier>{f168dbf7-5f9e-420d-9b28-a8347a27380c}</UniqueIdentifier>
    </Filter>
    <Filter Include="Others">
      <UniqueIdentifier>{72fc995e-75e1-460b-96aa-e851e099c6d7}</UniqueIdentifier>
    </Filter>
    <Filter Include="Others\Graphics">
      <UniqueIdentifier>{22a36be1-6d5a-42b8-8312-e223bf2049ed}</UniqueIdentifier>
    </Filter>
    <Filter Include="Others\Cam">
      <UniqueIdentifier>{da9cd1db-5aa8-488c-8c12-520d42b9fe9b}</UniqueIdentifier>
    </Filter>
    <Filter Include="Others\Geo">
      <UniqueIdentifier>{37d76fe8-74a2-4162-8ab6-ca7cd9ac199f}</UniqueIdentifier>
    </Filter>
    <Filter Include="Others\App">
      <UniqueIdentifier>{2cecd5b5-12ca-4af9-86a4-d65b0c91073f}</UniqueIdentifier>
    </Filter>
    <Filter Include="Grid">
      <UniqueIdentifier>{cce7b4cb-e2ab-4915-bdcc-985e6fb8a541}</UniqueIdentifier>
    </Filter>
    <Filter Include="Obj">
      <UniqueIdentifier>{c9054835-fbb9-4de5-b687-d6f14d115968}</UniqueIdentifier>
    </Filter>
  </ItemGroup>
  <ItemGroup>
    <None Include="Source\Grid.inl">
      <Filter>Grid</Filter>
    </None>
    <None Include="Source\ObjPool.inl">
      <Filter>Obj</Filter>
    </None>
  </ItemGroup>
</Project>